
Microsoft Visual Studio Solution File, Format Version 12.00
# Visual Studio Version 16
VisualStudioVersion = 16.0.31019.35
MinimumVisualStudioVersion = 10.0.40219.1
Project("{FAE04EC0-301F-11D3-BF4B-00C04F79EFBC}") = "AgeCalculator", "AgeCalculator.csproj", "{4C1A6921-6FD3-43D0-BC23-E9CCDC5F7E9D}"
EndProject
Global
	GlobalSection(SolutionConfigurationPlatforms) = preSolution
		Debug|Any CPU = Debug|Any CPU
		Release|Any CPU = Release|Any CPU
	EndGlobalSection
	GlobalSection(ProjectConfigurationPlatforms) = postSolution
		{4C1A6921-6FD3-43D0-BC23-E9CCDC5F7E9D}.Debug|Any CPU.ActiveCfg = Debug|Any CPU
		{4C1A6921-6FD3-43D0-BC23-E9CCDC5F7E9D}.Debug|Any CPU.Build.0 = Debug|Any CPU
		{4C1A6921-6FD3-43D0-BC23-E9CCDC5F7E9D}.Release|Any CPU.ActiveCfg = Release|Any CPU
		{4C1A6921-6FD3-43D0-BC23-E9CCDC5F7E9D}.Release|Any CPU.Build.0 = Release|Any CPU
	EndGlobalSection
	GlobalSection(SolutionProperties) = preSolution
		HideSolutionNode = FALSE
	EndGlobalSection
	GlobalSection(ExtensibilityGlobals) = postSolution
		SolutionGuid = {03C5D256-F82B-4BAC-8862-EB8BB6B59B43}
	EndGlobalSection
EndGlobal
